
Microsoft Visual Studio Solution File, Format Version 12.00
# Visual Studio 15
VisualStudioVersion = 15.0.26228.9
MinimumVisualStudioVersion = 10.0.40219.1
Project("{FAE04EC0-301F-11D3-BF4B-00C04F79EFBC}") = "DQ12SFCRando", "DQ12SFCRando\DQ12SFCRando.csproj", "{CBB61D05-CACB-4A8F-A7E6-EA7790C733C5}"
EndProject
Global
	GlobalSection(SolutionConfigurationPlatforms) = preSolution
		Debug|Any CPU = Debug|Any CPU
		Release|Any CPU = Release|Any CPU
	EndGlobalSection
	GlobalSection(ProjectConfigurationPlatforms) = postSolution
		{CBB61D05-CACB-4A8F-A7E6-EA7790C733C5}.Debug|Any CPU.ActiveCfg = Debug|Any CPU
		{CBB61D05-CACB-4A8F-A7E6-EA7790C733C5}.Debug|Any CPU.Build.0 = Debug|Any CPU
		{CBB61D05-CACB-4A8F-A7E6-EA7790C733C5}.Release|Any CPU.ActiveCfg = Release|Any CPU
		{CBB61D05-CACB-4A8F-A7E6-EA7790C733C5}.Release|Any CPU.Build.0 = Release|Any CPU
	EndGlobalSection
	GlobalSection(SolutionProperties) = preSolution
		HideSolutionNode = FALSE
	EndGlobalSection
EndGlobal
